
Microsoft Visual Studio Solution File, Format Version 12.00
Project("{FAE04EC0-301F-11D3-BF4B-00C04F79EFBC}") = "BankThreads", "BankThreads\BankThreads.csproj", "{403942D3-FC32-4D62-8EEF-F7C7E01E354F}"
EndProject
Project("{FAE04EC0-301F-11D3-BF4B-00C04F79EFBC}") = "ConcurrentLinkedList", "ConcurrentLinkedList\ConcurrentLinkedList.csproj", "{0751D417-B49B-4C15-A889-20D6E9323D1E}"
EndProject
Project("{FAE04EC0-301F-11D3-BF4B-00C04F79EFBC}") = "ProducerConsumer", "ProducerConsumer\ProducerConsumer.csproj", "{6FE9CCF4-7665-4855-B9D8-3ECF199EFE7D}"
EndProject
Project("{FAE04EC0-301F-11D3-BF4B-00C04F79EFBC}") = "MatrixThreads", "MatrixThreads\MatrixThreads.csproj", "{548E6C7B-36CF-4611-9C35-3B4742638404}"
EndProject
Project("{FAE04EC0-301F-11D3-BF4B-00C04F79EFBC}") = "FuturesContinuationsHttp", "FuturesContinuationsHttp\FuturesContinuationsHttp.csproj", "{C698209C-598E-4836-A167-8051A8B8ADE3}"
EndProject
Project("{FAE04EC0-301F-11D3-BF4B-00C04F79EFBC}") = "Lab4Http", "Lab4Http\Lab4Http.csproj", "{2D9F6BF8-6DD9-4897-BD2D-86A0616FDF12}"
EndProject
Global
	GlobalSection(SolutionConfigurationPlatforms) = preSolution
		Debug|Any CPU = Debug|Any CPU
		Release|Any CPU = Release|Any CPU
	EndGlobalSection
	GlobalSection(ProjectConfigurationPlatforms) = postSolution
		{403942D3-FC32-4D62-8EEF-F7C7E01E354F}.Debug|Any CPU.ActiveCfg = Debug|Any CPU
		{403942D3-FC32-4D62-8EEF-F7C7E01E354F}.Debug|Any CPU.Build.0 = Debug|Any CPU
		{403942D3-FC32-4D62-8EEF-F7C7E01E354F}.Release|Any CPU.ActiveCfg = Release|Any CPU
		{403942D3-FC32-4D62-8EEF-F7C7E01E354F}.Release|Any CPU.Build.0 = Release|Any CPU
		{0751D417-B49B-4C15-A889-20D6E9323D1E}.Debug|Any CPU.ActiveCfg = Debug|Any CPU
		{0751D417-B49B-4C15-A889-20D6E9323D1E}.Debug|Any CPU.Build.0 = Debug|Any CPU
		{0751D417-B49B-4C15-A889-20D6E9323D1E}.Release|Any CPU.ActiveCfg = Release|Any CPU
		{0751D417-B49B-4C15-A889-20D6E9323D1E}.Release|Any CPU.Build.0 = Release|Any CPU
		{6FE9CCF4-7665-4855-B9D8-3ECF199EFE7D}.Debug|Any CPU.ActiveCfg = Debug|Any CPU
		{6FE9CCF4-7665-4855-B9D8-3ECF199EFE7D}.Debug|Any CPU.Build.0 = Debug|Any CPU
		{6FE9CCF4-7665-4855-B9D8-3ECF199EFE7D}.Release|Any CPU.ActiveCfg = Release|Any CPU
		{6FE9CCF4-7665-4855-B9D8-3ECF199EFE7D}.Release|Any CPU.Build.0 = Release|Any CPU
		{548E6C7B-36CF-4611-9C35-3B4742638404}.Debug|Any CPU.ActiveCfg = Debug|Any CPU
		{548E6C7B-36CF-4611-9C35-3B4742638404}.Debug|Any CPU.Build.0 = Debug|Any CPU
		{548E6C7B-36CF-4611-9C35-3B4742638404}.Release|Any CPU.ActiveCfg = Release|Any CPU
		{548E6C7B-36CF-4611-9C35-3B4742638404}.Release|Any CPU.Build.0 = Release|Any CPU
		{C698209C-598E-4836-A167-8051A8B8ADE3}.Debug|Any CPU.ActiveCfg = Debug|Any CPU
		{C698209C-598E-4836-A167-8051A8B8ADE3}.Debug|Any CPU.Build.0 = Debug|Any CPU
		{C698209C-598E-4836-A167-8051A8B8ADE3}.Release|Any CPU.ActiveCfg = Release|Any CPU
		{C698209C-598E-4836-A167-8051A8B8ADE3}.Release|Any CPU.Build.0 = Release|Any CPU
		{2D9F6BF8-6DD9-4897-BD2D-86A0616FDF12}.Debug|Any CPU.ActiveCfg = Debug|Any CPU
		{2D9F6BF8-6DD9-4897-BD2D-86A0616FDF12}.Debug|Any CPU.Build.0 = Debug|Any CPU
		{2D9F6BF8-6DD9-4897-BD2D-86A0616FDF12}.Release|Any CPU.ActiveCfg = Release|Any CPU
		{2D9F6BF8-6DD9-4897-BD2D-86A0616FDF12}.Release|Any CPU.Build.0 = Release|Any CPU
	EndGlobalSection
EndGlobal
